
Microsoft Visual Studio Solution File, Format Version 12.00
# Visual Studio 15
VisualStudioVersion = 15.0.28010.2036
MinimumVisualStudioVersion = 10.0.40219.1
Project("{FAE04EC0-301F-11D3-BF4B-00C04F79EFBC}") = "WcfService", "WcfService\WcfService.csproj", "{B73E02DF-F3CA-4B28-A740-3380E8A6157E}"
EndProject
Global
	GlobalSection(SolutionConfigurationPlatforms) = preSolution
		Debug|Any CPU = Debug|Any CPU
		Release|Any CPU = Release|Any CPU
	EndGlobalSection
	GlobalSection(ProjectConfigurationPlatforms) = postSolution
		{B73E02DF-F3CA-4B28-A740-3380E8A6157E}.Debug|Any CPU.ActiveCfg = Debug|Any CPU
		{B73E02DF-F3CA-4B28-A740-3380E8A6157E}.Debug|Any CPU.Build.0 = Debug|Any CPU
		{B73E02DF-F3CA-4B28-A740-3380E8A6157E}.Release|Any CPU.ActiveCfg = Release|Any CPU
		{B73E02DF-F3CA-4B28-A740-3380E8A6157E}.Release|Any CPU.Build.0 = Release|Any CPU
	EndGlobalSection
	GlobalSection(SolutionProperties) = preSolution
		HideSolutionNode = FALSE
	EndGlobalSection
	GlobalSection(ExtensibilityGlobals) = postSolution
		SolutionGuid = {A7DA1BA2-65F0-4607-B64C-4022052724A9}
	EndGlobalSection
EndGlobal
